// !$*UTF8*$!
{
	archiveVersion = 1;
	classes = {
	};
	objectVersion = 52;
	objects = {

/* Begin PBXBuildFile section */
		AE880C4824404A4B00B053D4 /* ContainerTableViewDataSource.swift in Sources */ = {isa = PBXBuildFile; fileRef = AE880C4724404A4B00B053D4 /* ContainerTableViewDataSource.swift */; };
		AE880CB02445445100B053D4 /* Model.swift in Sources */ = {isa = PBXBuildFile; fileRef = AE880CAF2445445100B053D4 /* Model.swift */; };
		AE880CB42445655D00B053D4 /* Service.swift in Sources */ = {isa = PBXBuildFile; fileRef = AE880CB32445655D00B053D4 /* Service.swift */; };
		AE880CB62445685400B053D4 /* Provider.swift in Sources */ = {isa = PBXBuildFile; fileRef = AE880CB52445685400B053D4 /* Provider.swift */; };
		AE91F3F4243C518E00430DA2 /* AppDelegate.swift in Sources */ = {isa = PBXBuildFile; fileRef = AE91F3F3243C518E00430DA2 /* AppDelegate.swift */; };
		AE91F3F6243C518E00430DA2 /* SceneDelegate.swift in Sources */ = {isa = PBXBuildFile; fileRef = AE91F3F5243C518E00430DA2 /* SceneDelegate.swift */; };
		AE91F3F8243C518E00430DA2 /* ViewController.swift in Sources */ = {isa = PBXBuildFile; fileRef = AE91F3F7243C518E00430DA2 /* ViewController.swift */; };
		AE91F3FB243C518E00430DA2 /* Main.storyboard in Resources */ = {isa = PBXBuildFile; fileRef = AE91F3F9243C518E00430DA2 /* Main.storyboard */; };
		AE91F3FD243C518F00430DA2 /* Assets.xcassets in Resources */ = {isa = PBXBuildFile; fileRef = AE91F3FC243C518F00430DA2 /* Assets.xcassets */; };
		AE91F400243C518F00430DA2 /* LaunchScreen.storyboard in Resources */ = {isa = PBXBuildFile; fileRef = AE91F3FE243C518F00430DA2 /* LaunchScreen.storyboard */; };
		AE91F40B243C518F00430DA2 /* ToDoTests.swift in Sources */ = {isa = PBXBuildFile; fileRef = AE91F40A243C518F00430DA2 /* ToDoTests.swift */; };
		AE91F416243C592A00430DA2 /* ContainerTableViewController.swift in Sources */ = {isa = PBXBuildFile; fileRef = AE91F415243C592A00430DA2 /* ContainerTableViewController.swift */; };
		AE91F418243C635A00430DA2 /* ContainerTableViewCell.swift in Sources */ = {isa = PBXBuildFile; fileRef = AE91F417243C635A00430DA2 /* ContainerTableViewCell.swift */; };
		AE91F4D6243C971600430DA2 /* ContainerTableSectionHeaderView.swift in Sources */ = {isa = PBXBuildFile; fileRef = AE91F4D5243C971600430DA2 /* ContainerTableSectionHeaderView.swift */; };
		AE91F507243CA38200430DA2 /* SnapKit in Frameworks */ = {isa = PBXBuildFile; productRef = AE91F506243CA38200430DA2 /* SnapKit */; };
		AE91F516243EC33700430DA2 /* NewCardViewController.swift in Sources */ = {isa = PBXBuildFile; fileRef = AE91F515243EC33700430DA2 /* NewCardViewController.swift */; };
		AE91F547243EC65700430DA2 /* Name.swift in Sources */ = {isa = PBXBuildFile; fileRef = AE91F546243EC65700430DA2 /* Name.swift */; };
		AE91F549243ED27D00430DA2 /* NewCardTextViewDelegate.swift in Sources */ = {isa = PBXBuildFile; fileRef = AE91F548243ED27D00430DA2 /* NewCardTextViewDelegate.swift */; };
		AEBF849B2448EA83007D46DD /* NewCardTitleTextViewDelegate.swift in Sources */ = {isa = PBXBuildFile; fileRef = AEBF849A2448EA83007D46DD /* NewCardTitleTextViewDelegate.swift */; };
/* End PBXBuildFile section */

/* Begin PBXContainerItemProxy section */
		AE91F407243C518F00430DA2 /* PBXContainerItemProxy */ = {
			isa = PBXContainerItemProxy;
			containerPortal = AE91F3E8243C518E00430DA2 /* Project object */;
			proxyType = 1;
			remoteGlobalIDString = AE91F3EF243C518E00430DA2;
			remoteInfo = ToDo;
		};
/* End PBXContainerItemProxy section */

/* Begin PBXFileReference section */
		AE880C4724404A4B00B053D4 /* ContainerTableViewDataSource.swift */ = {isa = PBXFileReference; lastKnownFileType = sourcecode.swift; path = ContainerTableViewDataSource.swift; sourceTree = "<group>"; };
		AE880CAF2445445100B053D4 /* Model.swift */ = {isa = PBXFileReference; lastKnownFileType = sourcecode.swift; path = Model.swift; sourceTree = "<group>"; };
		AE880CB32445655D00B053D4 /* Service.swift */ = {isa = PBXFileReference; lastKnownFileType = sourcecode.swift; path = Service.swift; sourceTree = "<group>"; };
		AE880CB52445685400B053D4 /* Provider.swift */ = {isa = PBXFileReference; lastKnownFileType = sourcecode.swift; path = Provider.swift; sourceTree = "<group>"; };
		AE91F3F0243C518E00430DA2 /* ToDo.app */ = {isa = PBXFileReference; explicitFileType = wrapper.application; includeInIndex = 0; path = ToDo.app; sourceTree = BUILT_PRODUCTS_DIR; };
		AE91F3F3243C518E00430DA2 /* AppDelegate.swift */ = {isa = PBXFileReference; lastKnownFileType = sourcecode.swift; path = AppDelegate.swift; sourceTree = "<group>"; };
		AE91F3F5243C518E00430DA2 /* SceneDelegate.swift */ = {isa = PBXFileReference; lastKnownFileType = sourcecode.swift; path = SceneDelegate.swift; sourceTree = "<group>"; };
		AE91F3F7243C518E00430DA2 /* ViewController.swift */ = {isa = PBXFileReference; lastKnownFileType = sourcecode.swift; path = ViewController.swift; sourceTree = "<group>"; };
		AE91F3FA243C518E00430DA2 /* Base */ = {isa = PBXFileReference; lastKnownFileType = file.storyboard; name = Base; path = Base.lproj/Main.storyboard; sourceTree = "<group>"; };
		AE91F3FC243C518F00430DA2 /* Assets.xcassets */ = {isa = PBXFileReference; lastKnownFileType = folder.assetcatalog; path = Assets.xcassets; sourceTree = "<group>"; };
		AE91F3FF243C518F00430DA2 /* Base */ = {isa = PBXFileReference; lastKnownFileType = file.storyboard; name = Base; path = Base.lproj/LaunchScreen.storyboard; sourceTree = "<group>"; };
		AE91F401243C518F00430DA2 /* Info.plist */ = {isa = PBXFileReference; lastKnownFileType = text.plist.xml; path = Info.plist; sourceTree = "<group>"; };
		AE91F406243C518F00430DA2 /* ToDoTests.xctest */ = {isa = PBXFileReference; explicitFileType = wrapper.cfbundle; includeInIndex = 0; path = ToDoTests.xctest; sourceTree = BUILT_PRODUCTS_DIR; };
		AE91F40A243C518F00430DA2 /* ToDoTests.swift */ = {isa = PBXFileReference; lastKnownFileType = sourcecode.swift; path = ToDoTests.swift; sourceTree = "<group>"; };
		AE91F40C243C518F00430DA2 /* Info.plist */ = {isa = PBXFileReference; lastKnownFileType = text.plist.xml; path = Info.plist; sourceTree = "<group>"; };
		AE91F415243C592A00430DA2 /* ContainerTableViewController.swift */ = {isa = PBXFileReference; lastKnownFileType = sourcecode.swift; path = ContainerTableViewController.swift; sourceTree = "<group>"; };
		AE91F417243C635A00430DA2 /* ContainerTableViewCell.swift */ = {isa = PBXFileReference; lastKnownFileType = sourcecode.swift; path = ContainerTableViewCell.swift; sourceTree = "<group>"; };
		AE91F4D5243C971600430DA2 /* ContainerTableSectionHeaderView.swift */ = {isa = PBXFileReference; lastKnownFileType = sourcecode.swift; path = ContainerTableSectionHeaderView.swift; sourceTree = "<group>"; };
		AE91F515243EC33700430DA2 /* NewCardViewController.swift */ = {isa = PBXFileReference; lastKnownFileType = sourcecode.swift; path = NewCardViewController.swift; sourceTree = "<group>"; };
		AE91F546243EC65700430DA2 /* Name.swift */ = {isa = PBXFileReference; lastKnownFileType = sourcecode.swift; path = Name.swift; sourceTree = "<group>"; };
		AE91F548243ED27D00430DA2 /* NewCardTextViewDelegate.swift */ = {isa = PBXFileReference; lastKnownFileType = sourcecode.swift; path = NewCardTextViewDelegate.swift; sourceTree = "<group>"; };
		AEBF849A2448EA83007D46DD /* NewCardTitleTextViewDelegate.swift */ = {isa = PBXFileReference; lastKnownFileType = sourcecode.swift; path = NewCardTitleTextViewDelegate.swift; sourceTree = "<group>"; };
/* End PBXFileReference section */

/* Begin PBXFrameworksBuildPhase section */
		AE91F3ED243C518E00430DA2 /* Frameworks */ = {
			isa = PBXFrameworksBuildPhase;
			buildActionMask = 2147483647;
			files = (
				AE91F507243CA38200430DA2 /* SnapKit in Frameworks */,
			);
			runOnlyForDeploymentPostprocessing = 0;
		};
		AE91F403243C518F00430DA2 /* Frameworks */ = {
			isa = PBXFrameworksBuildPhase;
			buildActionMask = 2147483647;
			files = (
			);
			runOnlyForDeploymentPostprocessing = 0;
		};
/* End PBXFrameworksBuildPhase section */

/* Begin PBXGroup section */
		AE880CB1244551AC00B053D4 /* Network */ = {
			isa = PBXGroup;
			children = (
				AE880CB32445655D00B053D4 /* Service.swift */,
				AE880CB52445685400B053D4 /* Provider.swift */,
				AE880CB2244551E700B053D4 /* Model */,
			);
			path = Network;
			sourceTree = "<group>";
		};
		AE880CB2244551E700B053D4 /* Model */ = {
			isa = PBXGroup;
			children = (
				AE880CAF2445445100B053D4 /* Model.swift */,
			);
			path = Model;
			sourceTree = "<group>";
		};
		AE91F3E7243C518E00430DA2 = {
			isa = PBXGroup;
			children = (
				AE91F3F2243C518E00430DA2 /* ToDo */,
				AE91F409243C518F00430DA2 /* ToDoTests */,
				AE91F3F1243C518E00430DA2 /* Products */,
			);
			sourceTree = "<group>";
		};
		AE91F3F1243C518E00430DA2 /* Products */ = {
			isa = PBXGroup;
			children = (
				AE91F3F0243C518E00430DA2 /* ToDo.app */,
				AE91F406243C518F00430DA2 /* ToDoTests.xctest */,
			);
			name = Products;
			sourceTree = "<group>";
		};
		AE91F3F2243C518E00430DA2 /* ToDo */ = {
			isa = PBXGroup;
			children = (
				AE880CB1244551AC00B053D4 /* Network */,
				AE91F545243EC64E00430DA2 /* Notification */,
				AE91F514243EC30A00430DA2 /* NewCard */,
				AE91F50B243DB88A00430DA2 /* ContainerViewController */,
				AE91F3F3243C518E00430DA2 /* AppDelegate.swift */,
				AE91F3F5243C518E00430DA2 /* SceneDelegate.swift */,
				AE91F3F7243C518E00430DA2 /* ViewController.swift */,
				AE91F3F9243C518E00430DA2 /* Main.storyboard */,
				AE91F3FC243C518F00430DA2 /* Assets.xcassets */,
				AE91F3FE243C518F00430DA2 /* LaunchScreen.storyboard */,
				AE91F401243C518F00430DA2 /* Info.plist */,
			);
			path = ToDo;
			sourceTree = "<group>";
		};
		AE91F409243C518F00430DA2 /* ToDoTests */ = {
			isa = PBXGroup;
			children = (
				AE91F40A243C518F00430DA2 /* ToDoTests.swift */,
				AE91F40C243C518F00430DA2 /* Info.plist */,
			);
			path = ToDoTests;
			sourceTree = "<group>";
		};
		AE91F50B243DB88A00430DA2 /* ContainerViewController */ = {
			isa = PBXGroup;
			children = (
				AE91F415243C592A00430DA2 /* ContainerTableViewController.swift */,
				AE91F4D5243C971600430DA2 /* ContainerTableSectionHeaderView.swift */,
				AE880C4724404A4B00B053D4 /* ContainerTableViewDataSource.swift */,
				AE91F417243C635A00430DA2 /* ContainerTableViewCell.swift */,
			);
			path = ContainerViewController;
			sourceTree = "<group>";
		};
		AE91F514243EC30A00430DA2 /* NewCard */ = {
			isa = PBXGroup;
			children = (
				AE91F515243EC33700430DA2 /* NewCardViewController.swift */,
				AE91F548243ED27D00430DA2 /* NewCardTextViewDelegate.swift */,
				AEBF849A2448EA83007D46DD /* NewCardTitleTextViewDelegate.swift */,
			);
			path = NewCard;
			sourceTree = "<group>";
		};
		AE91F545243EC64E00430DA2 /* Notification */ = {
			isa = PBXGroup;
			children = (
				AE91F546243EC65700430DA2 /* Name.swift */,
			);
			path = Notification;
			sourceTree = "<group>";
		};
/* End PBXGroup section */

/* Begin PBXNativeTarget section */
		AE91F3EF243C518E00430DA2 /* ToDo */ = {
			isa = PBXNativeTarget;
			buildConfigurationList = AE91F40F243C518F00430DA2 /* Build configuration list for PBXNativeTarget "ToDo" */;
			buildPhases = (
				AE91F3EC243C518E00430DA2 /* Sources */,
				AE91F3ED243C518E00430DA2 /* Frameworks */,
				AE91F3EE243C518E00430DA2 /* Resources */,
			);
			buildRules = (
			);
			dependencies = (
			);
			name = ToDo;
			packageProductDependencies = (
				AE91F506243CA38200430DA2 /* SnapKit */,
			);
			productName = ToDo;
			productReference = AE91F3F0243C518E00430DA2 /* ToDo.app */;
			productType = "com.apple.product-type.application";
		};
		AE91F405243C518F00430DA2 /* ToDoTests */ = {
			isa = PBXNativeTarget;
			buildConfigurationList = AE91F412243C518F00430DA2 /* Build configuration list for PBXNativeTarget "ToDoTests" */;
			buildPhases = (
				AE91F402243C518F00430DA2 /* Sources */,
				AE91F403243C518F00430DA2 /* Frameworks */,
				AE91F404243C518F00430DA2 /* Resources */,
			);
			buildRules = (
			);
			dependencies = (
				AE91F408243C518F00430DA2 /* PBXTargetDependency */,
			);
			name = ToDoTests;
			productName = ToDoTests;
			productReference = AE91F406243C518F00430DA2 /* ToDoTests.xctest */;
			productType = "com.apple.product-type.bundle.unit-test";
		};
/* End PBXNativeTarget section */

/* Begin PBXProject section */
		AE91F3E8243C518E00430DA2 /* Project object */ = {
			isa = PBXProject;
			attributes = {
				LastSwiftUpdateCheck = 1140;
				LastUpgradeCheck = 1140;
				ORGANIZATIONNAME = Cloud;
				TargetAttributes = {
					AE91F3EF243C518E00430DA2 = {
						CreatedOnToolsVersion = 11.4;
					};
					AE91F405243C518F00430DA2 = {
						CreatedOnToolsVersion = 11.4;
						TestTargetID = AE91F3EF243C518E00430DA2;
					};
				};
			};
			buildConfigurationList = AE91F3EB243C518E00430DA2 /* Build configuration list for PBXProject "ToDo" */;
			compatibilityVersion = "Xcode 9.3";
			developmentRegion = en;
			hasScannedForEncodings = 0;
			knownRegions = (
				en,
				Base,
			);
			mainGroup = AE91F3E7243C518E00430DA2;
			packageReferences = (
				AE91F505243CA38200430DA2 /* XCRemoteSwiftPackageReference "SnapKit" */,
			);
			productRefGroup = AE91F3F1243C518E00430DA2 /* Products */;
			projectDirPath = "";
			projectRoot = "";
			targets = (
				AE91F3EF243C518E00430DA2 /* ToDo */,
				AE91F405243C518F00430DA2 /* ToDoTests */,
			);
		};
/* End PBXProject section */

/* Begin PBXResourcesBuildPhase section */
		AE91F3EE243C518E00430DA2 /* Resources */ = {
			isa = PBXResourcesBuildPhase;
			buildActionMask = 2147483647;
			files = (
				AE91F400243C518F00430DA2 /* LaunchScreen.storyboard in Resources */,
				AE91F3FD243C518F00430DA2 /* Assets.xcassets in Resources */,
				AE91F3FB243C518E00430DA2 /* Main.storyboard in Resources */,
			);
			runOnlyForDeploymentPostprocessing = 0;
		};
		AE91F404243C518F00430DA2 /* Resources */ = {
			isa = PBXResourcesBuildPhase;
			buildActionMask = 2147483647;
			files = (
			);
			runOnlyForDeploymentPostprocessing = 0;
		};
/* End PBXResourcesBuildPhase section */

/* Begin PBXSourcesBuildPhase section */
		AE91F3EC243C518E00430DA2 /* Sources */ = {
			isa = PBXSourcesBuildPhase;
			buildActionMask = 2147483647;
			files = (
				AE91F549243ED27D00430DA2 /* NewCardTextViewDelegate.swift in Sources */,
				AE91F418243C635A00430DA2 /* ContainerTableViewCell.swift in Sources */,
				AE880CB42445655D00B053D4 /* Service.swift in Sources */,
				AE91F4D6243C971600430DA2 /* ContainerTableSectionHeaderView.swift in Sources */,
				AEBF849B2448EA83007D46DD /* NewCardTitleTextViewDelegate.swift in Sources */,
				AE880CB62445685400B053D4 /* Provider.swift in Sources */,
				AE91F516243EC33700430DA2 /* NewCardViewController.swift in Sources */,
				AE91F416243C592A00430DA2 /* ContainerTableViewController.swift in Sources */,
				AE91F547243EC65700430DA2 /* Name.swift in Sources */,
				AE880CB02445445100B053D4 /* Model.swift in Sources */,
				AE880C4824404A4B00B053D4 /* ContainerTableViewDataSource.swift in Sources */,
				AE91F3F8243C518E00430DA2 /* ViewController.swift in Sources */,
				AE91F3F4243C518E00430DA2 /* AppDelegate.swift in Sources */,
				AE91F3F6243C518E00430DA2 /* SceneDelegate.swift in Sources */,
			);
			runOnlyForDeploymentPostprocessing = 0;
		};
		AE91F402243C518F00430DA2 /* Sources */ = {
			isa = PBXSourcesBuildPhase;
			buildActionMask = 2147483647;
			files = (
				AE91F40B243C518F00430DA2 /* ToDoTests.swift in Sources */,
			);
			runOnlyForDeploymentPostprocessing = 0;
		};
/* End PBXSourcesBuildPhase section */

/* Begin PBXTargetDependency section */
		AE91F408243C518F00430DA2 /* PBXTargetDependency */ = {
			isa = PBXTargetDependency;
			target = AE91F3EF243C518E00430DA2 /* ToDo */;
			targetProxy = AE91F407243C518F00430DA2 /* PBXContainerItemProxy */;
		};
/* End PBXTargetDependency section */

/* Begin PBXVariantGroup section */
		AE91F3F9243C518E00430DA2 /* Main.storyboard */ = {
			isa = PBXVariantGroup;
			children = (
				AE91F3FA243C518E00430DA2 /* Base */,
			);
			name = Main.storyboard;
			sourceTree = "<group>";
		};
		AE91F3FE243C518F00430DA2 /* LaunchScreen.storyboard */ = {
			isa = PBXVariantGroup;
			children = (
				AE91F3FF243C518F00430DA2 /* Base */,
			);
			name = LaunchScreen.storyboard;
			sourceTree = "<group>";
		};
/* End PBXVariantGroup section */

/* Begin XCBuildConfiguration section */
		AE91F40D243C518F00430DA2 /* Debug */ = {
			isa = XCBuildConfiguration;
			buildSettings = {
				ALWAYS_SEARCH_USER_PATHS = NO;
				CLANG_ANALYZER_NONNULL = YES;
				CLANG_ANALYZER_NUMBER_OBJECT_CONVERSION = YES_AGGRESSIVE;
				CLANG_CXX_LANGUAGE_STANDARD = "gnu++14";
				CLANG_CXX_LIBRARY = "libc++";
				CLANG_ENABLE_MODULES = YES;
				CLANG_ENABLE_OBJC_ARC = YES;
				CLANG_ENABLE_OBJC_WEAK = YES;
				CLANG_WARN_BLOCK_CAPTURE_AUTORELEASING = YES;
				CLANG_WARN_BOOL_CONVERSION = YES;
				CLANG_WARN_COMMA = YES;
				CLANG_WARN_CONSTANT_CONVERSION = YES;
				CLANG_WARN_DEPRECATED_OBJC_IMPLEMENTATIONS = YES;
				CLANG_WARN_DIRECT_OBJC_ISA_USAGE = YES_ERROR;
				CLANG_WARN_DOCUMENTATION_COMMENTS = YES;
				CLANG_WARN_EMPTY_BODY = YES;
				CLANG_WARN_ENUM_CONVERSION = YES;
				CLANG_WARN_INFINITE_RECURSION = YES;
				CLANG_WARN_INT_CONVERSION = YES;
				CLANG_WARN_NON_LITERAL_NULL_CONVERSION = YES;
				CLANG_WARN_OBJC_IMPLICIT_RETAIN_SELF = YES;
				CLANG_WARN_OBJC_LITERAL_CONVERSION = YES;
				CLANG_WARN_OBJC_ROOT_CLASS = YES_ERROR;
				CLANG_WARN_RANGE_LOOP_ANALYSIS = YES;
				CLANG_WARN_STRICT_PROTOTYPES = YES;
				CLANG_WARN_SUSPICIOUS_MOVE = YES;
				CLANG_WARN_UNGUARDED_AVAILABILITY = YES_AGGRESSIVE;
				CLANG_WARN_UNREACHABLE_CODE = YES;
				CLANG_WARN__DUPLICATE_METHOD_MATCH = YES;
				COPY_PHASE_STRIP = NO;
				DEBUG_INFORMATION_FORMAT = dwarf;
				ENABLE_STRICT_OBJC_MSGSEND = YES;
				ENABLE_TESTABILITY = YES;
				GCC_C_LANGUAGE_STANDARD = gnu11;
				GCC_DYNAMIC_NO_PIC = NO;
				GCC_NO_COMMON_BLOCKS = YES;
				GCC_OPTIMIZATION_LEVEL = 0;
				GCC_PREPROCESSOR_DEFINITIONS = (
					"DEBUG=1",
					"$(inherited)",
				);
				GCC_WARN_64_TO_32_BIT_CONVERSION = YES;
				GCC_WARN_ABOUT_RETURN_TYPE = YES_ERROR;
				GCC_WARN_UNDECLARED_SELECTOR = YES;
				GCC_WARN_UNINITIALIZED_AUTOS = YES_AGGRESSIVE;
				GCC_WARN_UNUSED_FUNCTION = YES;
				GCC_WARN_UNUSED_VARIABLE = YES;
				IPHONEOS_DEPLOYMENT_TARGET = 13.4;
				MTL_ENABLE_DEBUG_INFO = INCLUDE_SOURCE;
				MTL_FAST_MATH = YES;
				ONLY_ACTIVE_ARCH = YES;
				SDKROOT = iphoneos;
				SWIFT_ACTIVE_COMPILATION_CONDITIONS = DEBUG;
				SWIFT_OPTIMIZATION_LEVEL = "-Onone";
			};
			name = Debug;
		};
		AE91F40E243C518F00430DA2 /* Release */ = {
			isa = XCBuildConfiguration;
			buildSettings = {
				ALWAYS_SEARCH_USER_PATHS = NO;
				CLANG_ANALYZER_NONNULL = YES;
				CLANG_ANALYZER_NUMBER_OBJECT_CONVERSION = YES_AGGRESSIVE;
				CLANG_CXX_LANGUAGE_STANDARD = "gnu++14";
				CLANG_CXX_LIBRARY = "libc++";
				CLANG_ENABLE_MODULES = YES;
				CLANG_ENABLE_OBJC_ARC = YES;
				CLANG_ENABLE_OBJC_WEAK = YES;
				CLANG_WARN_BLOCK_CAPTURE_AUTORELEASING = YES;
				CLANG_WARN_BOOL_CONVERSION = YES;
				CLANG_WARN_COMMA = YES;
				CLANG_WARN_CONSTANT_CONVERSION = YES;
				CLANG_WARN_DEPRECATED_OBJC_IMPLEMENTATIONS = YES;
				CLANG_WARN_DIRECT_OBJC_ISA_USAGE = YES_ERROR;
				CLANG_WARN_DOCUMENTATION_COMMENTS = YES;
				CLANG_WARN_EMPTY_BODY = YES;
				CLANG_WARN_ENUM_CONVERSION = YES;
				CLANG_WARN_INFINITE_RECURSION = YES;
				CLANG_WARN_INT_CONVERSION = YES;
				CLANG_WARN_NON_LITERAL_NULL_CONVERSION = YES;
				CLANG_WARN_OBJC_IMPLICIT_RETAIN_SELF = YES;
				CLANG_WARN_OBJC_LITERAL_CONVERSION = YES;
				CLANG_WARN_OBJC_ROOT_CLASS = YES_ERROR;
				CLANG_WARN_RANGE_LOOP_ANALYSIS = YES;
				CLANG_WARN_STRICT_PROTOTYPES = YES;
				CLANG_WARN_SUSPICIOUS_MOVE = YES;
				CLANG_WARN_UNGUARDED_AVAILABILITY = YES_AGGRESSIVE;
				CLANG_WARN_UNREACHABLE_CODE = YES;
				CLANG_WARN__DUPLICATE_METHOD_MATCH = YES;
				COPY_PHASE_STRIP = NO;
				DEBUG_INFORMATION_FORMAT = "dwarf-with-dsym";
				ENABLE_NS_ASSERTIONS = NO;
				ENABLE_STRICT_OBJC_MSGSEND = YES;
				GCC_C_LANGUAGE_STANDARD = gnu11;
				GCC_NO_COMMON_BLOCKS = YES;
				GCC_WARN_64_TO_32_BIT_CONVERSION = YES;
				GCC_WARN_ABOUT_RETURN_TYPE = YES_ERROR;
				GCC_WARN_UNDECLARED_SELECTOR = YES;
				GCC_WARN_UNINITIALIZED_AUTOS = YES_AGGRESSIVE;
				GCC_WARN_UNUSED_FUNCTION = YES;
				GCC_WARN_UNUSED_VARIABLE = YES;
				IPHONEOS_DEPLOYMENT_TARGET = 13.4;
				MTL_ENABLE_DEBUG_INFO = NO;
				MTL_FAST_MATH = YES;
				SDKROOT = iphoneos;
				SWIFT_COMPILATION_MODE = wholemodule;
				SWIFT_OPTIMIZATION_LEVEL = "-O";
				VALIDATE_PRODUCT = YES;
			};
			name = Release;
		};
		AE91F410243C518F00430DA2 /* Debug */ = {
			isa = XCBuildConfiguration;
			buildSettings = {
				ASSETCATALOG_COMPILER_APPICON_NAME = AppIcon;
				CODE_SIGN_STYLE = Automatic;
				DEVELOPMENT_TEAM = 6HG325P9V2;
				INFOPLIST_FILE = ToDo/Info.plist;
				LD_RUNPATH_SEARCH_PATHS = (
					"$(inherited)",
					"@executable_path/Frameworks",
				);
				PRODUCT_BUNDLE_IDENTIFIER = cLoud.ToDo;
				PRODUCT_NAME = "$(TARGET_NAME)";
				SWIFT_VERSION = 5.0;
				TARGETED_DEVICE_FAMILY = "1,2";
			};
			name = Debug;
		};
		AE91F411243C518F00430DA2 /* Release */ = {
			isa = XCBuildConfiguration;
			buildSettings = {
				ASSETCATALOG_COMPILER_APPICON_NAME = AppIcon;
				CODE_SIGN_STYLE = Automatic;
				DEVELOPMENT_TEAM = 6HG325P9V2;
				INFOPLIST_FILE = ToDo/Info.plist;
				LD_RUNPATH_SEARCH_PATHS = (
					"$(inherited)",
					"@executable_path/Frameworks",
				);
				PRODUCT_BUNDLE_IDENTIFIER = cLoud.ToDo;
				PRODUCT_NAME = "$(TARGET_NAME)";
				SWIFT_VERSION = 5.0;
				TARGETED_DEVICE_FAMILY = "1,2";
			};
			name = Release;
		};
		AE91F413243C518F00430DA2 /* Debug */ = {
			isa = XCBuildConfiguration;
			buildSettings = {
				ALWAYS_EMBED_SWIFT_STANDARD_LIBRARIES = YES;
				BUNDLE_LOADER = "$(TEST_HOST)";
				CODE_SIGN_STYLE = Automatic;
				DEVELOPMENT_TEAM = 6HG325P9V2;
				INFOPLIST_FILE = ToDoTests/Info.plist;
				IPHONEOS_DEPLOYMENT_TARGET = 13.4;
				LD_RUNPATH_SEARCH_PATHS = (
					"$(inherited)",
					"@executable_path/Frameworks",
					"@loader_path/Frameworks",
				);
				PRODUCT_BUNDLE_IDENTIFIER = cLoud.ToDoTests;
				PRODUCT_NAME = "$(TARGET_NAME)";
				SWIFT_VERSION = 5.0;
				TARGETED_DEVICE_FAMILY = "1,2";
				TEST_HOST = "$(BUILT_PRODUCTS_DIR)/ToDo.app/ToDo";
			};
			name = Debug;
		};
		AE91F414243C518F00430DA2 /* Release */ = {
			isa = XCBuildConfiguration;
			buildSettings = {
				ALWAYS_EMBED_SWIFT_STANDARD_LIBRARIES = YES;
				BUNDLE_LOADER = "$(TEST_HOST)";
				CODE_SIGN_STYLE = Automatic;
				DEVELOPMENT_TEAM = 6HG325P9V2;
				INFOPLIST_FILE = ToDoTests/Info.plist;
				IPHONEOS_DEPLOYMENT_TARGET = 13.4;
				LD_RUNPATH_SEARCH_PATHS = (
					"$(inherited)",
					"@executable_path/Frameworks",
					"@loader_path/Frameworks",
				);
				PRODUCT_BUNDLE_IDENTIFIER = cLoud.ToDoTests;
				PRODUCT_NAME = "$(TARGET_NAME)";
				SWIFT_VERSION = 5.0;
				TARGETED_DEVICE_FAMILY = "1,2";
				TEST_HOST = "$(BUILT_PRODUCTS_DIR)/ToDo.app/ToDo";
			};
			name = Release;
		};
/* End XCBuildConfiguration section */

/* Begin XCConfigurationList section */
		AE91F3EB243C518E00430DA2 /* Build configuration list for PBXProject "ToDo" */ = {
			isa = XCConfigurationList;
			buildConfigurations = (
				AE91F40D243C518F00430DA2 /* Debug */,
				AE91F40E243C518F00430DA2 /* Release */,
			);
			defaultConfigurationIsVisible = 0;
			defaultConfigurationName = Release;
		};
		AE91F40F243C518F00430DA2 /* Build configuration list for PBXNativeTarget "ToDo" */ = {
			isa = XCConfigurationList;
			buildConfigurations = (
				AE91F410243C518F00430DA2 /* Debug */,
				AE91F411243C518F00430DA2 /* Release */,
			);
			defaultConfigurationIsVisible = 0;
			defaultConfigurationName = Release;
		};
		AE91F412243C518F00430DA2 /* Build configuration list for PBXNativeTarget "ToDoTests" */ = {
			isa = XCConfigurationList;
			buildConfigurations = (
				AE91F413243C518F00430DA2 /* Debug */,
				AE91F414243C518F00430DA2 /* Release */,
			);
			defaultConfigurationIsVisible = 0;
			defaultConfigurationName = Release;
		};
/* End XCConfigurationList section */

/* Begin XCRemoteSwiftPackageReference section */
		AE91F505243CA38200430DA2 /* XCRemoteSwiftPackageReference "SnapKit" */ = {
			isa = XCRemoteSwiftPackageReference;
			repositoryURL = "https://github.com/SnapKit/SnapKit.git";
			requirement = {
				kind = upToNextMajorVersion;
				minimumVersion = 5.0.1;
			};
		};
/* End XCRemoteSwiftPackageReference section */

/* Begin XCSwiftPackageProductDependency section */
		AE91F506243CA38200430DA2 /* SnapKit */ = {
			isa = XCSwiftPackageProductDependency;
			package = AE91F505243CA38200430DA2 /* XCRemoteSwiftPackageReference "SnapKit" */;
			productName = SnapKit;
		};
/* End XCSwiftPackageProductDependency section */
	};
	rootObject = AE91F3E8243C518E00430DA2 /* Project object */;
}
